{
  "dependencies": {
    "faker": {
      "version": "3.1.0",
      "resolved": "https://registry.npmjs.org/faker/-/faker-3.1.0.tgz",
      "from": "faker@3.1.0"
    },
    "moment": {
      "version": "2.14.1",
      "resolved": "https://registry.npmjs.org/moment/-/moment-2.14.1.tgz",
      "from": "moment@2.14.1"
    }
  }
}
